
Microsoft Visual Studio Solution File, Format Version 12.00
# Visual Studio 14
VisualStudioVersion = 14.0.25420.1
MinimumVisualStudioVersion = 10.0.40219.1
Project("{FAE04EC0-301F-11D3-BF4B-00C04F79EFBC}") = "Report Generator", "Report Generator\Report Generator.csproj", "{8C2ADC1F-1CF4-494E-B29A-892D1979B830}"
EndProject
Project("{54435603-DBB4-11D2-8724-00A0C9A8B90C}") = "ReportGeneratorSetup", "ReportGeneratorSetup\ReportGeneratorSetup.vdproj", "{ECB38ACD-711E-49E0-8C70-4DB56004D93C}"
EndProject
Global
	GlobalSection(SolutionConfigurationPlatforms) = preSolution
		Debug|Any CPU = Debug|Any CPU
		Release|Any CPU = Release|Any CPU
	EndGlobalSection
	GlobalSection(ProjectConfigurationPlatforms) = postSolution
		{8C2ADC1F-1CF4-494E-B29A-892D1979B830}.Debug|Any CPU.ActiveCfg = Debug|Any CPU
		{8C2ADC1F-1CF4-494E-B29A-892D1979B830}.Debug|Any CPU.Build.0 = Debug|Any CPU
		{8C2ADC1F-1CF4-494E-B29A-892D1979B830}.Release|Any CPU.ActiveCfg = Release|Any CPU
		{8C2ADC1F-1CF4-494E-B29A-892D1979B830}.Release|Any CPU.Build.0 = Release|Any CPU
		{ECB38ACD-711E-49E0-8C70-4DB56004D93C}.Debug|Any CPU.ActiveCfg = Debug
		{ECB38ACD-711E-49E0-8C70-4DB56004D93C}.Release|Any CPU.ActiveCfg = Release
	EndGlobalSection
	GlobalSection(SolutionProperties) = preSolution
		HideSolutionNode = FALSE
	EndGlobalSection
EndGlobal
